<?xml version="1.0" encoding="utf-8"?>
<Project ToolsVersion="4.0" xmlns="http://schemas.microsoft.com/developer/msbuild/2003">
  <ItemGroup>
    <Filter Include="Source Files">
      <UniqueIdentifier>{4FC737F1-C7A5-4376-A066-2A32D752A2FF}</UniqueIdentifier>
      <Extensions>cpp;c;cc;cxx;def;odl;idl;hpj;bat;asm;asmx</Extensions>
    </Filter>
    <Filter Include="Resource Files">
      <UniqueIdentifier>{67DA6AB6-F800-4c08-8B7A-83BB121AAD01}</UniqueIdentifier>
      <Extensions>rc;ico;cur;bmp;dlg;rc2;rct;bin;rgs;gif;jpg;jpeg;jpe;resx;tiff;tif;png;wav;mfcribbon-ms</Extensions>
    </Filter>
    <Filter Include="common">
      <UniqueIdentifier>{d2689e86-3a30-40fb-996d-59d92df6611d}</UniqueIdentifier>
    </Filter>
    <Filter Include="image">
      <UniqueIdentifier>{f7312827-dd1f-491e-a512-bb8170ce9403}</UniqueIdentifier>
    </Filter>
    <Filter Include="render">
      <UniqueIdentifier>{ae3a445e-9cd4-4044-88d9-6873fe53810f}</UniqueIdentifier>
    </Filter>
  </ItemGroup>
  <ItemGroup>
    <ClInclude Include="common\MyMath.h">
      <Filter>common</Filter>
    </ClInclude>
    <ClInclude Include="common\MyString.h">
      <Filter>common</Filter>
    </ClInclude>
    <ClInclude Include="common\MyException.h">
      <Filter>common</Filter>
    </ClInclude>
    <ClInclude Include="image\GaussianKernel.h">
      <Filter>image</Filter>
    </ClInclude>
    <ClInclude Include="image\ImageType.h">
      <Filter>image</Filter>
    </ClInclude>
    <ClInclude Include="image\IP.h">
      <Filter>image</Filter>
    </ClInclude>
    <ClInclude Include="image\Matrix.h">
      <Filter>image</Filter>
    </ClInclude>
    <ClInclude Include="image\PXMImage.h">
      <Filter>image</Filter>
    </ClInclude>
    <ClInclude Include="render\CheckerMaterial .h">
      <Filter>render</Filter>
    </ClInclude>
    <ClInclude Include="render\Color.h">
      <Filter>render</Filter>
    </ClInclude>
    <ClInclude Include="render\DirectionalLight.h">
      <Filter>render</Filter>
    </ClInclude>
    <ClInclude Include="render\Geometry.h">
      <Filter>render</Filter>
    </ClInclude>
    <ClInclude Include="render\IdealMaterial.h">
      <Filter>render</Filter>
    </ClInclude>
    <ClInclude Include="render\IntersectResult.h">
      <Filter>render</Filter>
    </ClInclude>
    <ClInclude Include="render\LambertMaterial.h">
      <Filter>render</Filter>
    </ClInclude>
    <ClInclude Include="render\Light.h">
      <Filter>render</Filter>
    </ClInclude>
    <ClInclude Include="render\LightSample.h">
      <Filter>render</Filter>
    </ClInclude>
    <ClInclude Include="render\Material.h">
      <Filter>render</Filter>
    </ClInclude>
    <ClInclude Include="render\PerspectiveCamera .h">
      <Filter>render</Filter>
    </ClInclude>
    <ClInclude Include="render\PhongMaterial.h">
      <Filter>render</Filter>
    </ClInclude>
    <ClInclude Include="render\Plane.h">
      <Filter>render</Filter>
    </ClInclude>
    <ClInclude Include="render\PointLight.h">
      <Filter>render</Filter>
    </ClInclude>
    <ClInclude Include="render\Ray3D.h">
      <Filter>render</Filter>
    </ClInclude>
    <ClInclude Include="render\Render.h">
      <Filter>render</Filter>
    </ClInclude>
    <ClInclude Include="render\Sphere.h">
      <Filter>render</Filter>
    </ClInclude>
    <ClInclude Include="render\SpotLight.h">
      <Filter>render</Filter>
    </ClInclude>
    <ClInclude Include="render\UnionGeometry.h">
      <Filter>render</Filter>
    </ClInclude>
    <ClInclude Include="render\Vector3D.h">
      <Filter>render</Filter>
    </ClInclude>
  </ItemGroup>
  <ItemGroup>
    <ClCompile Include="main.cpp">
      <Filter>Source Files</Filter>
    </ClCompile>
  </ItemGroup>
</Project>